
Microsoft Visual Studio Solution File, Format Version 12.00
# Visual Studio Version 17
VisualStudioVersion = 17.10.35027.167
MinimumVisualStudioVersion = 10.0.40219.1
Project("{FAE04EC0-301F-11D3-BF4B-00C04F79EFBC}") = "nilnul.regime_._et_._LIB4FX_", "nilnul.regime_._et_._LIB4FX_.csproj", "{3CF567EE-4B21-410B-8DAF-2EDD058C5B13}"
EndProject
Global
	GlobalSection(SolutionConfigurationPlatforms) = preSolution
		Debug|Any CPU = Debug|Any CPU
		Release|Any CPU = Release|Any CPU
	EndGlobalSection
	GlobalSection(ProjectConfigurationPlatforms) = postSolution
		{3CF567EE-4B21-410B-8DAF-2EDD058C5B13}.Debug|Any CPU.ActiveCfg = Debug|Any CPU
		{3CF567EE-4B21-410B-8DAF-2EDD058C5B13}.Debug|Any CPU.Build.0 = Debug|Any CPU
		{3CF567EE-4B21-410B-8DAF-2EDD058C5B13}.Release|Any CPU.ActiveCfg = Release|Any CPU
		{3CF567EE-4B21-410B-8DAF-2EDD058C5B13}.Release|Any CPU.Build.0 = Release|Any CPU
	EndGlobalSection
	GlobalSection(SolutionProperties) = preSolution
		HideSolutionNode = FALSE
	EndGlobalSection
	GlobalSection(ExtensibilityGlobals) = postSolution
		SolutionGuid = {D1B451EC-B3CE-47F1-804F-675C60F832DB}
	EndGlobalSection
EndGlobal
